
Microsoft Visual Studio Solution File, Format Version 12.00
# Visual Studio Version 16
VisualStudioVersion = 16.0.30611.23
MinimumVisualStudioVersion = 10.0.40219.1
Project("{8BC9CEB8-8B4A-11D0-8D11-00A0C91BC942}") = "acsv", "CSV_Advanced_GUI.vcxproj", "{323545E3-216A-4C01-9941-837D2F6FCF70}"
EndProject
Global
	GlobalSection(SolutionConfigurationPlatforms) = preSolution
		Debug|Win32 = Debug|Win32
		Debug|x64 = Debug|x64
		Debug|x86 = Debug|x86
		Release|Win32 = Release|Win32
		Release|x64 = Release|x64
		Release|x86 = Release|x86
	EndGlobalSection
	GlobalSection(ProjectConfigurationPlatforms) = postSolution
		{323545E3-216A-4C01-9941-837D2F6FCF70}.Debug|Win32.ActiveCfg = Debug|Win32
		{323545E3-216A-4C01-9941-837D2F6FCF70}.Debug|Win32.Build.0 = Debug|Win32
		{323545E3-216A-4C01-9941-837D2F6FCF70}.Debug|x64.ActiveCfg = Debug|x64
		{323545E3-216A-4C01-9941-837D2F6FCF70}.Debug|x64.Build.0 = Debug|x64
		{323545E3-216A-4C01-9941-837D2F6FCF70}.Debug|x86.ActiveCfg = Debug|Win32
		{323545E3-216A-4C01-9941-837D2F6FCF70}.Debug|x86.Build.0 = Debug|Win32
		{323545E3-216A-4C01-9941-837D2F6FCF70}.Release|Win32.ActiveCfg = Release|Win32
		{323545E3-216A-4C01-9941-837D2F6FCF70}.Release|Win32.Build.0 = Release|Win32
		{323545E3-216A-4C01-9941-837D2F6FCF70}.Release|x64.ActiveCfg = Release|x64
		{323545E3-216A-4C01-9941-837D2F6FCF70}.Release|x64.Build.0 = Release|x64
		{323545E3-216A-4C01-9941-837D2F6FCF70}.Release|x86.ActiveCfg = Release|Win32
		{323545E3-216A-4C01-9941-837D2F6FCF70}.Release|x86.Build.0 = Release|Win32
	EndGlobalSection
	GlobalSection(SolutionProperties) = preSolution
		HideSolutionNode = FALSE
	EndGlobalSection
	GlobalSection(ExtensibilityGlobals) = postSolution
		SolutionGuid = {F9FFCA29-5917-4609-ACCC-4152DE1863B2}
	EndGlobalSection
EndGlobal
